
Microsoft Visual Studio Solution File, Format Version 12.00
# Visual Studio Version 17
VisualStudioVersion = 17.9.34728.123
MinimumVisualStudioVersion = 10.0.40219.1
Project("{FAE04EC0-301F-11D3-BF4B-00C04F79EFBC}") = "LinWin", "LinWin.csproj", "{234D03DC-981A-4EE4-B41E-335785534456}"
EndProject
Global
	GlobalSection(SolutionConfigurationPlatforms) = preSolution
		Debug|Any CPU = Debug|Any CPU
		Release|Any CPU = Release|Any CPU
	EndGlobalSection
	GlobalSection(ProjectConfigurationPlatforms) = postSolution
		{234D03DC-981A-4EE4-B41E-335785534456}.Debug|Any CPU.ActiveCfg = Debug|Any CPU
		{234D03DC-981A-4EE4-B41E-335785534456}.Debug|Any CPU.Build.0 = Debug|Any CPU
		{234D03DC-981A-4EE4-B41E-335785534456}.Release|Any CPU.ActiveCfg = Release|Any CPU
		{234D03DC-981A-4EE4-B41E-335785534456}.Release|Any CPU.Build.0 = Release|Any CPU
	EndGlobalSection
	GlobalSection(SolutionProperties) = preSolution
		HideSolutionNode = FALSE
	EndGlobalSection
	GlobalSection(ExtensibilityGlobals) = postSolution
		SolutionGuid = {25095121-41D8-433A-BC85-6D2C6B249FD4}
	EndGlobalSection
EndGlobal
